
Microsoft Visual Studio Solution File, Format Version 12.00
# Visual Studio Version 16
VisualStudioVersion = 16.0.31829.152
MinimumVisualStudioVersion = 10.0.40219.1
Project("{9A19103F-16F7-4668-BE54-9A1E7A4F7556}") = "BlazorChatApp.Server", "BlazorChatApp.Server\BlazorChatApp.Server.csproj", "{B37744B9-0BD9-4627-96A6-4FB1F7E66C24}"
EndProject
Project("{9A19103F-16F7-4668-BE54-9A1E7A4F7556}") = "BlazorChatApp.DataTransfer", "BlazorChatApp.DataTransfer\BlazorChatApp.DataTransfer.csproj", "{6CC55478-3D01-4D47-B6AB-BDA6B329E2A1}"
EndProject
Project("{9A19103F-16F7-4668-BE54-9A1E7A4F7556}") = "BlazorChatApp.Client", "BlazorChatApp.Client\BlazorChatApp.Client.csproj", "{719FB5E7-7129-4771-BD9D-BC080622DA6F}"
EndProject
Global
	GlobalSection(SolutionConfigurationPlatforms) = preSolution
		Debug|Any CPU = Debug|Any CPU
		Release|Any CPU = Release|Any CPU
	EndGlobalSection
	GlobalSection(ProjectConfigurationPlatforms) = postSolution
		{B37744B9-0BD9-4627-96A6-4FB1F7E66C24}.Debug|Any CPU.ActiveCfg = Debug|Any CPU
		{B37744B9-0BD9-4627-96A6-4FB1F7E66C24}.Debug|Any CPU.Build.0 = Debug|Any CPU
		{B37744B9-0BD9-4627-96A6-4FB1F7E66C24}.Release|Any CPU.ActiveCfg = Release|Any CPU
		{B37744B9-0BD9-4627-96A6-4FB1F7E66C24}.Release|Any CPU.Build.0 = Release|Any CPU
		{6CC55478-3D01-4D47-B6AB-BDA6B329E2A1}.Debug|Any CPU.ActiveCfg = Debug|Any CPU
		{6CC55478-3D01-4D47-B6AB-BDA6B329E2A1}.Debug|Any CPU.Build.0 = Debug|Any CPU
		{6CC55478-3D01-4D47-B6AB-BDA6B329E2A1}.Release|Any CPU.ActiveCfg = Release|Any CPU
		{6CC55478-3D01-4D47-B6AB-BDA6B329E2A1}.Release|Any CPU.Build.0 = Release|Any CPU
		{719FB5E7-7129-4771-BD9D-BC080622DA6F}.Debug|Any CPU.ActiveCfg = Debug|Any CPU
		{719FB5E7-7129-4771-BD9D-BC080622DA6F}.Debug|Any CPU.Build.0 = Debug|Any CPU
		{719FB5E7-7129-4771-BD9D-BC080622DA6F}.Release|Any CPU.ActiveCfg = Release|Any CPU
		{719FB5E7-7129-4771-BD9D-BC080622DA6F}.Release|Any CPU.Build.0 = Release|Any CPU
	EndGlobalSection
	GlobalSection(SolutionProperties) = preSolution
		HideSolutionNode = FALSE
	EndGlobalSection
	GlobalSection(ExtensibilityGlobals) = postSolution
		SolutionGuid = {9EA1F8DC-FCBD-4535-91E3-535F76782D5C}
	EndGlobalSection
EndGlobal
